
Microsoft Visual Studio Solution File, Format Version 12.00
# Visual Studio Version 16
VisualStudioVersion = 16.0.28917.181
MinimumVisualStudioVersion = 10.0.40219.1
Project("{8BC9CEB8-8B4A-11D0-8D11-00A0C91BC942}") = "SensorData", "SensorData\SensorData.vcxproj", "{0E999B60-F740-453F-A2CC-05CE2D1AD247}"
EndProject
Global
	GlobalSection(SolutionConfigurationPlatforms) = preSolution
		Debug|x64 = Debug|x64
		Debug|x86 = Debug|x86
		Release|x64 = Release|x64
		Release|x86 = Release|x86
	EndGlobalSection
	GlobalSection(ProjectConfigurationPlatforms) = postSolution
		{0E999B60-F740-453F-A2CC-05CE2D1AD247}.Debug|x64.ActiveCfg = Debug|x64
		{0E999B60-F740-453F-A2CC-05CE2D1AD247}.Debug|x64.Build.0 = Debug|x64
		{0E999B60-F740-453F-A2CC-05CE2D1AD247}.Debug|x86.ActiveCfg = Debug|Win32
		{0E999B60-F740-453F-A2CC-05CE2D1AD247}.Debug|x86.Build.0 = Debug|Win32
		{0E999B60-F740-453F-A2CC-05CE2D1AD247}.Release|x64.ActiveCfg = Release|x64
		{0E999B60-F740-453F-A2CC-05CE2D1AD247}.Release|x64.Build.0 = Release|x64
		{0E999B60-F740-453F-A2CC-05CE2D1AD247}.Release|x86.ActiveCfg = Release|Win32
		{0E999B60-F740-453F-A2CC-05CE2D1AD247}.Release|x86.Build.0 = Release|Win32
	EndGlobalSection
	GlobalSection(SolutionProperties) = preSolution
		HideSolutionNode = FALSE
	EndGlobalSection
	GlobalSection(ExtensibilityGlobals) = postSolution
		SolutionGuid = {B6351235-A21B-4BDB-95F1-44433DCED7FD}
	EndGlobalSection
EndGlobal
